
Microsoft Visual Studio Solution File, Format Version 12.00
# Visual Studio Version 16
VisualStudioVersion = 16.0.32413.511
MinimumVisualStudioVersion = 10.0.40219.1
Project("{2150E333-8FDC-42A3-9474-1A3956D46DE8}") = "Solution Items", "Solution Items", "{0A3EB3D8-F5A3-421F-9226-0BA2A125CB3D}"
	ProjectSection(SolutionItems) = preProject
		.editorconfig = .editorconfig
	EndProjectSection
EndProject
Project("{FAE04EC0-301F-11D3-BF4B-00C04F79EFBC}") = "SubC-VXG", "SubC-VXG.csproj", "{F77A9059-4FAB-4AF3-A51F-23157AB0B519}"
EndProject
Project("{FAE04EC0-301F-11D3-BF4B-00C04F79EFBC}") = "SubC.Grenadier.RTSP", "SubC.Grenadier.RTSP\SubC.Grenadier.RTSP.csproj", "{36CE240A-2322-4571-9A0D-51049F4F9748}"
EndProject
Global
	GlobalSection(SolutionConfigurationPlatforms) = preSolution
		Debug|Any CPU = Debug|Any CPU
		Release|Any CPU = Release|Any CPU
	EndGlobalSection
	GlobalSection(ProjectConfigurationPlatforms) = postSolution
		{F77A9059-4FAB-4AF3-A51F-23157AB0B519}.Debug|Any CPU.ActiveCfg = Debug|Any CPU
		{F77A9059-4FAB-4AF3-A51F-23157AB0B519}.Debug|Any CPU.Build.0 = Debug|Any CPU
		{F77A9059-4FAB-4AF3-A51F-23157AB0B519}.Debug|Any CPU.Deploy.0 = Debug|Any CPU
		{F77A9059-4FAB-4AF3-A51F-23157AB0B519}.Release|Any CPU.ActiveCfg = Release|Any CPU
		{F77A9059-4FAB-4AF3-A51F-23157AB0B519}.Release|Any CPU.Build.0 = Release|Any CPU
		{F77A9059-4FAB-4AF3-A51F-23157AB0B519}.Release|Any CPU.Deploy.0 = Release|Any CPU
		{36CE240A-2322-4571-9A0D-51049F4F9748}.Debug|Any CPU.ActiveCfg = Debug|Any CPU
		{36CE240A-2322-4571-9A0D-51049F4F9748}.Debug|Any CPU.Build.0 = Debug|Any CPU
		{36CE240A-2322-4571-9A0D-51049F4F9748}.Release|Any CPU.ActiveCfg = Release|Any CPU
		{36CE240A-2322-4571-9A0D-51049F4F9748}.Release|Any CPU.Build.0 = Release|Any CPU
	EndGlobalSection
	GlobalSection(SolutionProperties) = preSolution
		HideSolutionNode = FALSE
	EndGlobalSection
	GlobalSection(ExtensibilityGlobals) = postSolution
		SolutionGuid = {2CD1574A-717A-4921-8575-0662A46AFBFF}
	EndGlobalSection
EndGlobal
